
Microsoft Visual Studio Solution File, Format Version 11.00
# Visual Studio 2010
Project("{FAE04EC0-301F-11D3-BF4B-00C04F79EFBC}") = "Diableh_arena", "Assembly-CSharp.csproj", "{52DDC06A-AD5E-84BD-A159-C160CD7697FF}"
EndProject
Project("{FAE04EC0-301F-11D3-BF4B-00C04F79EFBC}") = "Diableh_arena", "Assembly-CSharp-firstpass.csproj", "{505DF2E6-0780-EA50-0406-6E46BD14A574}"
EndProject
Global
	GlobalSection(SolutionConfigurationPlatforms) = preSolution
		Debug|Any CPU = Debug|Any CPU
		Release|Any CPU = Release|Any CPU
	EndGlobalSection
	GlobalSection(ProjectConfigurationPlatforms) = postSolution
		{52DDC06A-AD5E-84BD-A159-C160CD7697FF}.Debug|Any CPU.ActiveCfg = Debug|Any CPU
		{52DDC06A-AD5E-84BD-A159-C160CD7697FF}.Debug|Any CPU.Build.0 = Debug|Any CPU
		{52DDC06A-AD5E-84BD-A159-C160CD7697FF}.Release|Any CPU.ActiveCfg = Release|Any CPU
		{52DDC06A-AD5E-84BD-A159-C160CD7697FF}.Release|Any CPU.Build.0 = Release|Any CPU
		{505DF2E6-0780-EA50-0406-6E46BD14A574}.Debug|Any CPU.ActiveCfg = Debug|Any CPU
		{505DF2E6-0780-EA50-0406-6E46BD14A574}.Debug|Any CPU.Build.0 = Debug|Any CPU
		{505DF2E6-0780-EA50-0406-6E46BD14A574}.Release|Any CPU.ActiveCfg = Release|Any CPU
		{505DF2E6-0780-EA50-0406-6E46BD14A574}.Release|Any CPU.Build.0 = Release|Any CPU
	EndGlobalSection
	GlobalSection(SolutionProperties) = preSolution
		HideSolutionNode = FALSE
	EndGlobalSection
	GlobalSection(MonoDevelopProperties) = preSolution
		StartupItem = Assembly-CSharp.csproj
	EndGlobalSection
EndGlobal
